
Microsoft Visual Studio Solution File, Format Version 12.00
# Visual Studio Version 16
VisualStudioVersion = 16.0.31613.86
MinimumVisualStudioVersion = 10.0.40219.1
Project("{FAE04EC0-301F-11D3-BF4B-00C04F79EFBC}") = "SeeWebMail.Web", "SeeWebMail.Web\SeeWebMail.Web.csproj", "{F38D02A2-35C6-4102-8B99-22C45C07BF3C}"
EndProject
Global
	GlobalSection(SolutionConfigurationPlatforms) = preSolution
		Debug|Any CPU = Debug|Any CPU
		Release|Any CPU = Release|Any CPU
	EndGlobalSection
	GlobalSection(ProjectConfigurationPlatforms) = postSolution
		{F38D02A2-35C6-4102-8B99-22C45C07BF3C}.Debug|Any CPU.ActiveCfg = Debug|Any CPU
		{F38D02A2-35C6-4102-8B99-22C45C07BF3C}.Debug|Any CPU.Build.0 = Debug|Any CPU
		{F38D02A2-35C6-4102-8B99-22C45C07BF3C}.Release|Any CPU.ActiveCfg = Release|Any CPU
		{F38D02A2-35C6-4102-8B99-22C45C07BF3C}.Release|Any CPU.Build.0 = Release|Any CPU
	EndGlobalSection
	GlobalSection(SolutionProperties) = preSolution
		HideSolutionNode = FALSE
	EndGlobalSection
	GlobalSection(ExtensibilityGlobals) = postSolution
		SolutionGuid = {42762539-DA88-45BB-9C35-E60751FB3C7D}
	EndGlobalSection
EndGlobal
